// !$*UTF8*$!
{
	archiveVersion = 1;
	classes = {
	};
	objectVersion = 56;
	objects = {

/* Begin PBXBuildFile section */
		E25BCA7A29F57D730076090C /* NYPNavApp.swift in Sources */ = {isa = PBXBuildFile; fileRef = E25BCA7929F57D730076090C /* NYPNavApp.swift */; };
		E25BCA7C29F57D730076090C /* ContentView.swift in Sources */ = {isa = PBXBuildFile; fileRef = E25BCA7B29F57D730076090C /* ContentView.swift */; };
		E25BCA7E29F57D770076090C /* Assets.xcassets in Resources */ = {isa = PBXBuildFile; fileRef = E25BCA7D29F57D770076090C /* Assets.xcassets */; };
		E25BCA8129F57D770076090C /* Preview Assets.xcassets in Resources */ = {isa = PBXBuildFile; fileRef = E25BCA8029F57D770076090C /* Preview Assets.xcassets */; };
		E25BCA8B29F57D770076090C /* NYPNavTests.swift in Sources */ = {isa = PBXBuildFile; fileRef = E25BCA8A29F57D770076090C /* NYPNavTests.swift */; };
		E25BCA9529F57D770076090C /* NYPNavUITests.swift in Sources */ = {isa = PBXBuildFile; fileRef = E25BCA9429F57D770076090C /* NYPNavUITests.swift */; };
		E25BCA9729F57D770076090C /* NYPNavUITestsLaunchTests.swift in Sources */ = {isa = PBXBuildFile; fileRef = E25BCA9629F57D770076090C /* NYPNavUITestsLaunchTests.swift */; };
		E25BCAA429F5809A0076090C /* Models.swift in Sources */ = {isa = PBXBuildFile; fileRef = E25BCAA329F5809A0076090C /* Models.swift */; };
		E25BCAA629F584FF0076090C /* Content.swift in Sources */ = {isa = PBXBuildFile; fileRef = E25BCAA529F584FF0076090C /* Content.swift */; };
		E2AD86E729F8D4810091B6CE /* ManageModuleView.swift in Sources */ = {isa = PBXBuildFile; fileRef = E2AD86E629F8D4810091B6CE /* ManageModuleView.swift */; };
		E2AD86E929F8D92C0091B6CE /* Extensions.swift in Sources */ = {isa = PBXBuildFile; fileRef = E2AD86E829F8D92C0091B6CE /* Extensions.swift */; };
		E2AD86EB29F90BB70091B6CE /* HelperViews.swift in Sources */ = {isa = PBXBuildFile; fileRef = E2AD86EA29F90BB70091B6CE /* HelperViews.swift */; };
		E2AD86EF29F93AC70091B6CE /* RootView.swift in Sources */ = {isa = PBXBuildFile; fileRef = E2AD86EE29F93AC70091B6CE /* RootView.swift */; };
		E2AD86F129F940960091B6CE /* PortalView.swift in Sources */ = {isa = PBXBuildFile; fileRef = E2AD86F029F940960091B6CE /* PortalView.swift */; };
		E2AD86F329F940B10091B6CE /* SFSafariViewWrapper.swift in Sources */ = {isa = PBXBuildFile; fileRef = E2AD86F229F940B10091B6CE /* SFSafariViewWrapper.swift */; };
		E2AD86F529F966DD0091B6CE /* CampusMapView.swift in Sources */ = {isa = PBXBuildFile; fileRef = E2AD86F429F966DD0091B6CE /* CampusMapView.swift */; };
/* End PBXBuildFile section */

/* Begin PBXContainerItemProxy section */
		E25BCA8729F57D770076090C /* PBXContainerItemProxy */ = {
			isa = PBXContainerItemProxy;
			containerPortal = E25BCA6E29F57D730076090C /* Project object */;
			proxyType = 1;
			remoteGlobalIDString = E25BCA7529F57D730076090C;
			remoteInfo = NYPNav;
		};
		E25BCA9129F57D770076090C /* PBXContainerItemProxy */ = {
			isa = PBXContainerItemProxy;
			containerPortal = E25BCA6E29F57D730076090C /* Project object */;
			proxyType = 1;
			remoteGlobalIDString = E25BCA7529F57D730076090C;
			remoteInfo = NYPNav;
		};
/* End PBXContainerItemProxy section */

/* Begin PBXFileReference section */
		E25BCA7629F57D730076090C /* NYPNav.app */ = {isa = PBXFileReference; explicitFileType = wrapper.application; includeInIndex = 0; path = NYPNav.app; sourceTree = BUILT_PRODUCTS_DIR; };
		E25BCA7929F57D730076090C /* NYPNavApp.swift */ = {isa = PBXFileReference; lastKnownFileType = sourcecode.swift; path = NYPNavApp.swift; sourceTree = "<group>"; };
		E25BCA7B29F57D730076090C /* ContentView.swift */ = {isa = PBXFileReference; lastKnownFileType = sourcecode.swift; path = ContentView.swift; sourceTree = "<group>"; };
		E25BCA7D29F57D770076090C /* Assets.xcassets */ = {isa = PBXFileReference; lastKnownFileType = folder.assetcatalog; path = Assets.xcassets; sourceTree = "<group>"; };
		E25BCA8029F57D770076090C /* Preview Assets.xcassets */ = {isa = PBXFileReference; lastKnownFileType = folder.assetcatalog; path = "Preview Assets.xcassets"; sourceTree = "<group>"; };
		E25BCA8629F57D770076090C /* NYPNavTests.xctest */ = {isa = PBXFileReference; explicitFileType = wrapper.cfbundle; includeInIndex = 0; path = NYPNavTests.xctest; sourceTree = BUILT_PRODUCTS_DIR; };
		E25BCA8A29F57D770076090C /* NYPNavTests.swift */ = {isa = PBXFileReference; lastKnownFileType = sourcecode.swift; path = NYPNavTests.swift; sourceTree = "<group>"; };
		E25BCA9029F57D770076090C /* NYPNavUITests.xctest */ = {isa = PBXFileReference; explicitFileType = wrapper.cfbundle; includeInIndex = 0; path = NYPNavUITests.xctest; sourceTree = BUILT_PRODUCTS_DIR; };
		E25BCA9429F57D770076090C /* NYPNavUITests.swift */ = {isa = PBXFileReference; lastKnownFileType = sourcecode.swift; path = NYPNavUITests.swift; sourceTree = "<group>"; };
		E25BCA9629F57D770076090C /* NYPNavUITestsLaunchTests.swift */ = {isa = PBXFileReference; lastKnownFileType = sourcecode.swift; path = NYPNavUITestsLaunchTests.swift; sourceTree = "<group>"; };
		E25BCAA329F5809A0076090C /* Models.swift */ = {isa = PBXFileReference; lastKnownFileType = sourcecode.swift; path = Models.swift; sourceTree = "<group>"; };
		E25BCAA529F584FF0076090C /* Content.swift */ = {isa = PBXFileReference; lastKnownFileType = sourcecode.swift; path = Content.swift; sourceTree = "<group>"; };
		E2AD86E629F8D4810091B6CE /* ManageModuleView.swift */ = {isa = PBXFileReference; lastKnownFileType = sourcecode.swift; path = ManageModuleView.swift; sourceTree = "<group>"; };
		E2AD86E829F8D92C0091B6CE /* Extensions.swift */ = {isa = PBXFileReference; lastKnownFileType = sourcecode.swift; path = Extensions.swift; sourceTree = "<group>"; };
		E2AD86EA29F90BB70091B6CE /* HelperViews.swift */ = {isa = PBXFileReference; lastKnownFileType = sourcecode.swift; path = HelperViews.swift; sourceTree = "<group>"; };
		E2AD86EE29F93AC70091B6CE /* RootView.swift */ = {isa = PBXFileReference; lastKnownFileType = sourcecode.swift; path = RootView.swift; sourceTree = "<group>"; };
		E2AD86F029F940960091B6CE /* PortalView.swift */ = {isa = PBXFileReference; lastKnownFileType = sourcecode.swift; path = PortalView.swift; sourceTree = "<group>"; };
		E2AD86F229F940B10091B6CE /* SFSafariViewWrapper.swift */ = {isa = PBXFileReference; lastKnownFileType = sourcecode.swift; path = SFSafariViewWrapper.swift; sourceTree = "<group>"; };
		E2AD86F429F966DD0091B6CE /* CampusMapView.swift */ = {isa = PBXFileReference; lastKnownFileType = sourcecode.swift; path = CampusMapView.swift; sourceTree = "<group>"; };
		E2AD86FB29F982EB0091B6CE /* Info.plist */ = {isa = PBXFileReference; fileEncoding = 4; lastKnownFileType = text.plist.xml; path = Info.plist; sourceTree = "<group>"; };
/* End PBXFileReference section */

/* Begin PBXFrameworksBuildPhase section */
		E25BCA7329F57D730076090C /* Frameworks */ = {
			isa = PBXFrameworksBuildPhase;
			buildActionMask = 2147483647;
			files = (
			);
			runOnlyForDeploymentPostprocessing = 0;
		};
		E25BCA8329F57D770076090C /* Frameworks */ = {
			isa = PBXFrameworksBuildPhase;
			buildActionMask = 2147483647;
			files = (
			);
			runOnlyForDeploymentPostprocessing = 0;
		};
		E25BCA8D29F57D770076090C /* Frameworks */ = {
			isa = PBXFrameworksBuildPhase;
			buildActionMask = 2147483647;
			files = (
			);
			runOnlyForDeploymentPostprocessing = 0;
		};
/* End PBXFrameworksBuildPhase section */

/* Begin PBXGroup section */
		E25BCA6D29F57D730076090C = {
			isa = PBXGroup;
			children = (
				E25BCA7829F57D730076090C /* NYPNav */,
				E25BCA8929F57D770076090C /* NYPNavTests */,
				E25BCA9329F57D770076090C /* NYPNavUITests */,
				E25BCA7729F57D730076090C /* Products */,
			);
			sourceTree = "<group>";
		};
		E25BCA7729F57D730076090C /* Products */ = {
			isa = PBXGroup;
			children = (
				E25BCA7629F57D730076090C /* NYPNav.app */,
				E25BCA8629F57D770076090C /* NYPNavTests.xctest */,
				E25BCA9029F57D770076090C /* NYPNavUITests.xctest */,
			);
			name = Products;
			sourceTree = "<group>";
		};
		E25BCA7829F57D730076090C /* NYPNav */ = {
			isa = PBXGroup;
			children = (
				E2AD86FB29F982EB0091B6CE /* Info.plist */,
				E25BCA7929F57D730076090C /* NYPNavApp.swift */,
				E2AD86EE29F93AC70091B6CE /* RootView.swift */,
				E25BCA7B29F57D730076090C /* ContentView.swift */,
				E2AD86F429F966DD0091B6CE /* CampusMapView.swift */,
				E2AD86E629F8D4810091B6CE /* ManageModuleView.swift */,
				E2AD86F029F940960091B6CE /* PortalView.swift */,
				E2AD86F229F940B10091B6CE /* SFSafariViewWrapper.swift */,
				E2AD86E829F8D92C0091B6CE /* Extensions.swift */,
				E25BCAA329F5809A0076090C /* Models.swift */,
				E2AD86EA29F90BB70091B6CE /* HelperViews.swift */,
				E25BCAA529F584FF0076090C /* Content.swift */,
				E25BCA7D29F57D770076090C /* Assets.xcassets */,
				E25BCA7F29F57D770076090C /* Preview Content */,
			);
			path = NYPNav;
			sourceTree = "<group>";
		};
		E25BCA7F29F57D770076090C /* Preview Content */ = {
			isa = PBXGroup;
			children = (
				E25BCA8029F57D770076090C /* Preview Assets.xcassets */,
			);
			path = "Preview Content";
			sourceTree = "<group>";
		};
		E25BCA8929F57D770076090C /* NYPNavTests */ = {
			isa = PBXGroup;
			children = (
				E25BCA8A29F57D770076090C /* NYPNavTests.swift */,
			);
			path = NYPNavTests;
			sourceTree = "<group>";
		};
		E25BCA9329F57D770076090C /* NYPNavUITests */ = {
			isa = PBXGroup;
			children = (
				E25BCA9429F57D770076090C /* NYPNavUITests.swift */,
				E25BCA9629F57D770076090C /* NYPNavUITestsLaunchTests.swift */,
			);
			path = NYPNavUITests;
			sourceTree = "<group>";
		};
/* End PBXGroup section */

/* Begin PBXNativeTarget section */
		E25BCA7529F57D730076090C /* NYPNav */ = {
			isa = PBXNativeTarget;
			buildConfigurationList = E25BCA9A29F57D770076090C /* Build configuration list for PBXNativeTarget "NYPNav" */;
			buildPhases = (
				E25BCA7229F57D730076090C /* Sources */,
				E25BCA7329F57D730076090C /* Frameworks */,
				E25BCA7429F57D730076090C /* Resources */,
			);
			buildRules = (
			);
			dependencies = (
			);
			name = NYPNav;
			productName = NYPNav;
			productReference = E25BCA7629F57D730076090C /* NYPNav.app */;
			productType = "com.apple.product-type.application";
		};
		E25BCA8529F57D770076090C /* NYPNavTests */ = {
			isa = PBXNativeTarget;
			buildConfigurationList = E25BCA9D29F57D770076090C /* Build configuration list for PBXNativeTarget "NYPNavTests" */;
			buildPhases = (
				E25BCA8229F57D770076090C /* Sources */,
				E25BCA8329F57D770076090C /* Frameworks */,
				E25BCA8429F57D770076090C /* Resources */,
			);
			buildRules = (
			);
			dependencies = (
				E25BCA8829F57D770076090C /* PBXTargetDependency */,
			);
			name = NYPNavTests;
			productName = NYPNavTests;
			productReference = E25BCA8629F57D770076090C /* NYPNavTests.xctest */;
			productType = "com.apple.product-type.bundle.unit-test";
		};
		E25BCA8F29F57D770076090C /* NYPNavUITests */ = {
			isa = PBXNativeTarget;
			buildConfigurationList = E25BCAA029F57D770076090C /* Build configuration list for PBXNativeTarget "NYPNavUITests" */;
			buildPhases = (
				E25BCA8C29F57D770076090C /* Sources */,
				E25BCA8D29F57D770076090C /* Frameworks */,
				E25BCA8E29F57D770076090C /* Resources */,
			);
			buildRules = (
			);
			dependencies = (
				E25BCA9229F57D770076090C /* PBXTargetDependency */,
			);
			name = NYPNavUITests;
			productName = NYPNavUITests;
			productReference = E25BCA9029F57D770076090C /* NYPNavUITests.xctest */;
			productType = "com.apple.product-type.bundle.ui-testing";
		};
/* End PBXNativeTarget section */

/* Begin PBXProject section */
		E25BCA6E29F57D730076090C /* Project object */ = {
			isa = PBXProject;
			attributes = {
				BuildIndependentTargetsInParallel = 1;
				LastSwiftUpdateCheck = 1420;
				LastUpgradeCheck = 1420;
				TargetAttributes = {
					E25BCA7529F57D730076090C = {
						CreatedOnToolsVersion = 14.2;
					};
					E25BCA8529F57D770076090C = {
						CreatedOnToolsVersion = 14.2;
						TestTargetID = E25BCA7529F57D730076090C;
					};
					E25BCA8F29F57D770076090C = {
						CreatedOnToolsVersion = 14.2;
						TestTargetID = E25BCA7529F57D730076090C;
					};
				};
			};
			buildConfigurationList = E25BCA7129F57D730076090C /* Build configuration list for PBXProject "NYPNav" */;
			compatibilityVersion = "Xcode 14.0";
			developmentRegion = en;
			hasScannedForEncodings = 0;
			knownRegions = (
				en,
				Base,
			);
			mainGroup = E25BCA6D29F57D730076090C;
			productRefGroup = E25BCA7729F57D730076090C /* Products */;
			projectDirPath = "";
			projectRoot = "";
			targets = (
				E25BCA7529F57D730076090C /* NYPNav */,
				E25BCA8529F57D770076090C /* NYPNavTests */,
				E25BCA8F29F57D770076090C /* NYPNavUITests */,
			);
		};
/* End PBXProject section */

/* Begin PBXResourcesBuildPhase section */
		E25BCA7429F57D730076090C /* Resources */ = {
			isa = PBXResourcesBuildPhase;
			buildActionMask = 2147483647;
			files = (
				E25BCA8129F57D770076090C /* Preview Assets.xcassets in Resources */,
				E25BCA7E29F57D770076090C /* Assets.xcassets in Resources */,
			);
			runOnlyForDeploymentPostprocessing = 0;
		};
		E25BCA8429F57D770076090C /* Resources */ = {
			isa = PBXResourcesBuildPhase;
			buildActionMask = 2147483647;
			files = (
			);
			runOnlyForDeploymentPostprocessing = 0;
		};
		E25BCA8E29F57D770076090C /* Resources */ = {
			isa = PBXResourcesBuildPhase;
			buildActionMask = 2147483647;
			files = (
			);
			runOnlyForDeploymentPostprocessing = 0;
		};
/* End PBXResourcesBuildPhase section */

/* Begin PBXSourcesBuildPhase section */
		E25BCA7229F57D730076090C /* Sources */ = {
			isa = PBXSourcesBuildPhase;
			buildActionMask = 2147483647;
			files = (
				E2AD86F129F940960091B6CE /* PortalView.swift in Sources */,
				E2AD86EF29F93AC70091B6CE /* RootView.swift in Sources */,
				E25BCA7C29F57D730076090C /* ContentView.swift in Sources */,
				E2AD86F529F966DD0091B6CE /* CampusMapView.swift in Sources */,
				E2AD86F329F940B10091B6CE /* SFSafariViewWrapper.swift in Sources */,
				E2AD86E929F8D92C0091B6CE /* Extensions.swift in Sources */,
				E2AD86E729F8D4810091B6CE /* ManageModuleView.swift in Sources */,
				E25BCAA429F5809A0076090C /* Models.swift in Sources */,
				E2AD86EB29F90BB70091B6CE /* HelperViews.swift in Sources */,
				E25BCA7A29F57D730076090C /* NYPNavApp.swift in Sources */,
				E25BCAA629F584FF0076090C /* Content.swift in Sources */,
			);
			runOnlyForDeploymentPostprocessing = 0;
		};
		E25BCA8229F57D770076090C /* Sources */ = {
			isa = PBXSourcesBuildPhase;
			buildActionMask = 2147483647;
			files = (
				E25BCA8B29F57D770076090C /* NYPNavTests.swift in Sources */,
			);
			runOnlyForDeploymentPostprocessing = 0;
		};
		E25BCA8C29F57D770076090C /* Sources */ = {
			isa = PBXSourcesBuildPhase;
			buildActionMask = 2147483647;
			files = (
				E25BCA9729F57D770076090C /* NYPNavUITestsLaunchTests.swift in Sources */,
				E25BCA9529F57D770076090C /* NYPNavUITests.swift in Sources */,
			);
			runOnlyForDeploymentPostprocessing = 0;
		};
/* End PBXSourcesBuildPhase section */

/* Begin PBXTargetDependency section */
		E25BCA8829F57D770076090C /* PBXTargetDependency */ = {
			isa = PBXTargetDependency;
			target = E25BCA7529F57D730076090C /* NYPNav */;
			targetProxy = E25BCA8729F57D770076090C /* PBXContainerItemProxy */;
		};
		E25BCA9229F57D770076090C /* PBXTargetDependency */ = {
			isa = PBXTargetDependency;
			target = E25BCA7529F57D730076090C /* NYPNav */;
			targetProxy = E25BCA9129F57D770076090C /* PBXContainerItemProxy */;
		};
/* End PBXTargetDependency section */

/* Begin XCBuildConfiguration section */
		E25BCA9829F57D770076090C /* Debug */ = {
			isa = XCBuildConfiguration;
			buildSettings = {
				ALWAYS_SEARCH_USER_PATHS = NO;
				CLANG_ANALYZER_NONNULL = YES;
				CLANG_ANALYZER_NUMBER_OBJECT_CONVERSION = YES_AGGRESSIVE;
				CLANG_CXX_LANGUAGE_STANDARD = "gnu++20";
				CLANG_ENABLE_MODULES = YES;
				CLANG_ENABLE_OBJC_ARC = YES;
				CLANG_ENABLE_OBJC_WEAK = YES;
				CLANG_WARN_BLOCK_CAPTURE_AUTORELEASING = YES;
				CLANG_WARN_BOOL_CONVERSION = YES;
				CLANG_WARN_COMMA = YES;
				CLANG_WARN_CONSTANT_CONVERSION = YES;
				CLANG_WARN_DEPRECATED_OBJC_IMPLEMENTATIONS = YES;
				CLANG_WARN_DIRECT_OBJC_ISA_USAGE = YES_ERROR;
				CLANG_WARN_DOCUMENTATION_COMMENTS = YES;
				CLANG_WARN_EMPTY_BODY = YES;
				CLANG_WARN_ENUM_CONVERSION = YES;
				CLANG_WARN_INFINITE_RECURSION = YES;
				CLANG_WARN_INT_CONVERSION = YES;
				CLANG_WARN_NON_LITERAL_NULL_CONVERSION = YES;
				CLANG_WARN_OBJC_IMPLICIT_RETAIN_SELF = YES;
				CLANG_WARN_OBJC_LITERAL_CONVERSION = YES;
				CLANG_WARN_OBJC_ROOT_CLASS = YES_ERROR;
				CLANG_WARN_QUOTED_INCLUDE_IN_FRAMEWORK_HEADER = YES;
				CLANG_WARN_RANGE_LOOP_ANALYSIS = YES;
				CLANG_WARN_STRICT_PROTOTYPES = YES;
				CLANG_WARN_SUSPICIOUS_MOVE = YES;
				CLANG_WARN_UNGUARDED_AVAILABILITY = YES_AGGRESSIVE;
				CLANG_WARN_UNREACHABLE_CODE = YES;
				CLANG_WARN__DUPLICATE_METHOD_MATCH = YES;
				COPY_PHASE_STRIP = NO;
				DEBUG_INFORMATION_FORMAT = dwarf;
				ENABLE_STRICT_OBJC_MSGSEND = YES;
				ENABLE_TESTABILITY = YES;
				GCC_C_LANGUAGE_STANDARD = gnu11;
				GCC_DYNAMIC_NO_PIC = NO;
				GCC_NO_COMMON_BLOCKS = YES;
				GCC_OPTIMIZATION_LEVEL = 0;
				GCC_PREPROCESSOR_DEFINITIONS = (
					"DEBUG=1",
					"$(inherited)",
				);
				GCC_WARN_64_TO_32_BIT_CONVERSION = YES;
				GCC_WARN_ABOUT_RETURN_TYPE = YES_ERROR;
				GCC_WARN_UNDECLARED_SELECTOR = YES;
				GCC_WARN_UNINITIALIZED_AUTOS = YES_AGGRESSIVE;
				GCC_WARN_UNUSED_FUNCTION = YES;
				GCC_WARN_UNUSED_VARIABLE = YES;
				IPHONEOS_DEPLOYMENT_TARGET = 16.2;
				MTL_ENABLE_DEBUG_INFO = INCLUDE_SOURCE;
				MTL_FAST_MATH = YES;
				ONLY_ACTIVE_ARCH = YES;
				SDKROOT = iphoneos;
				SWIFT_ACTIVE_COMPILATION_CONDITIONS = DEBUG;
				SWIFT_OPTIMIZATION_LEVEL = "-Onone";
			};
			name = Debug;
		};
		E25BCA9929F57D770076090C /* Release */ = {
			isa = XCBuildConfiguration;
			buildSettings = {
				ALWAYS_SEARCH_USER_PATHS = NO;
				CLANG_ANALYZER_NONNULL = YES;
				CLANG_ANALYZER_NUMBER_OBJECT_CONVERSION = YES_AGGRESSIVE;
				CLANG_CXX_LANGUAGE_STANDARD = "gnu++20";
				CLANG_ENABLE_MODULES = YES;
				CLANG_ENABLE_OBJC_ARC = YES;
				CLANG_ENABLE_OBJC_WEAK = YES;
				CLANG_WARN_BLOCK_CAPTURE_AUTORELEASING = YES;
				CLANG_WARN_BOOL_CONVERSION = YES;
				CLANG_WARN_COMMA = YES;
				CLANG_WARN_CONSTANT_CONVERSION = YES;
				CLANG_WARN_DEPRECATED_OBJC_IMPLEMENTATIONS = YES;
				CLANG_WARN_DIRECT_OBJC_ISA_USAGE = YES_ERROR;
				CLANG_WARN_DOCUMENTATION_COMMENTS = YES;
				CLANG_WARN_EMPTY_BODY = YES;
				CLANG_WARN_ENUM_CONVERSION = YES;
				CLANG_WARN_INFINITE_RECURSION = YES;
				CLANG_WARN_INT_CONVERSION = YES;
				CLANG_WARN_NON_LITERAL_NULL_CONVERSION = YES;
				CLANG_WARN_OBJC_IMPLICIT_RETAIN_SELF = YES;
				CLANG_WARN_OBJC_LITERAL_CONVERSION = YES;
				CLANG_WARN_OBJC_ROOT_CLASS = YES_ERROR;
				CLANG_WARN_QUOTED_INCLUDE_IN_FRAMEWORK_HEADER = YES;
				CLANG_WARN_RANGE_LOOP_ANALYSIS = YES;
				CLANG_WARN_STRICT_PROTOTYPES = YES;
				CLANG_WARN_SUSPICIOUS_MOVE = YES;
				CLANG_WARN_UNGUARDED_AVAILABILITY = YES_AGGRESSIVE;
				CLANG_WARN_UNREACHABLE_CODE = YES;
				CLANG_WARN__DUPLICATE_METHOD_MATCH = YES;
				COPY_PHASE_STRIP = NO;
				DEBUG_INFORMATION_FORMAT = "dwarf-with-dsym";
				ENABLE_NS_ASSERTIONS = NO;
				ENABLE_STRICT_OBJC_MSGSEND = YES;
				GCC_C_LANGUAGE_STANDARD = gnu11;
				GCC_NO_COMMON_BLOCKS = YES;
				GCC_WARN_64_TO_32_BIT_CONVERSION = YES;
				GCC_WARN_ABOUT_RETURN_TYPE = YES_ERROR;
				GCC_WARN_UNDECLARED_SELECTOR = YES;
				GCC_WARN_UNINITIALIZED_AUTOS = YES_AGGRESSIVE;
				GCC_WARN_UNUSED_FUNCTION = YES;
				GCC_WARN_UNUSED_VARIABLE = YES;
				IPHONEOS_DEPLOYMENT_TARGET = 16.2;
				MTL_ENABLE_DEBUG_INFO = NO;
				MTL_FAST_MATH = YES;
				SDKROOT = iphoneos;
				SWIFT_COMPILATION_MODE = wholemodule;
				SWIFT_OPTIMIZATION_LEVEL = "-O";
				VALIDATE_PRODUCT = YES;
			};
			name = Release;
		};
		E25BCA9B29F57D770076090C /* Debug */ = {
			isa = XCBuildConfiguration;
			buildSettings = {
				ASSETCATALOG_COMPILER_APPICON_NAME = AppIcon;
				ASSETCATALOG_COMPILER_GLOBAL_ACCENT_COLOR_NAME = AccentColor;
				CODE_SIGN_STYLE = Automatic;
				CURRENT_PROJECT_VERSION = 1;
				DEVELOPMENT_ASSET_PATHS = "\"NYPNav/Preview Content\"";
				DEVELOPMENT_TEAM = 49JL8262M2;
				DONT_GENERATE_INFOPLIST_FILE = NO;
				ENABLE_PREVIEWS = YES;
				GENERATE_INFOPLIST_FILE = YES;
				INFOPLIST_FILE = NYPNav/Info.plist;
				INFOPLIST_KEY_NSLocationAlwaysAndWhenInUseUsageDescription = "We use your location to provide you real-time feedback about where you are in the NYP campus. This feature allows you to easily navigate the NYP campus and reach your destination as fast as possible.";
				INFOPLIST_KEY_NSLocationAlwaysUsageDescription = "We use your location to provide you real-time feedback about where you are in the NYP campus. This feature allows you to easily navigate the NYP campus and reach your destination as fast as possible.";
				INFOPLIST_KEY_NSLocationWhenInUseUsageDescription = "We use your location to provide you real-time feedback about where you are in the NYP campus. This feature allows you to easily navigate the NYP campus and reach your destination as fast as possible.";
				INFOPLIST_KEY_UIApplicationSceneManifest_Generation = YES;
				INFOPLIST_KEY_UIApplicationSupportsIndirectInputEvents = YES;
				INFOPLIST_KEY_UILaunchScreen_Generation = YES;
				INFOPLIST_KEY_UISupportedInterfaceOrientations_iPad = "UIInterfaceOrientationPortrait UIInterfaceOrientationPortraitUpsideDown UIInterfaceOrientationLandscapeLeft UIInterfaceOrientationLandscapeRight";
				INFOPLIST_KEY_UISupportedInterfaceOrientations_iPhone = "UIInterfaceOrientationPortrait UIInterfaceOrientationLandscapeLeft UIInterfaceOrientationLandscapeRight";
				LD_RUNPATH_SEARCH_PATHS = (
					"$(inherited)",
					"@executable_path/Frameworks",
				);
				MARKETING_VERSION = 1.0;
				PRODUCT_BUNDLE_IDENTIFIER = com.prakhartrivedi.NYPNav;
				PRODUCT_NAME = "$(TARGET_NAME)";
				SWIFT_EMIT_LOC_STRINGS = YES;
				SWIFT_VERSION = 5.0;
				TARGETED_DEVICE_FAMILY = "1,2";
			};
			name = Debug;
		};
		E25BCA9C29F57D770076090C /* Release */ = {
			isa = XCBuildConfiguration;
			buildSettings = {
				ASSETCATALOG_COMPILER_APPICON_NAME = AppIcon;
				ASSETCATALOG_COMPILER_GLOBAL_ACCENT_COLOR_NAME = AccentColor;
				CODE_SIGN_STYLE = Automatic;
				CURRENT_PROJECT_VERSION = 1;
				DEVELOPMENT_ASSET_PATHS = "\"NYPNav/Preview Content\"";
				DEVELOPMENT_TEAM = 49JL8262M2;
				DONT_GENERATE_INFOPLIST_FILE = NO;
				ENABLE_PREVIEWS = YES;
				GENERATE_INFOPLIST_FILE = YES;
				INFOPLIST_FILE = NYPNav/Info.plist;
				INFOPLIST_KEY_NSLocationAlwaysAndWhenInUseUsageDescription = "We use your location to provide you real-time feedback about where you are in the NYP campus. This feature allows you to easily navigate the NYP campus and reach your destination as fast as possible.";
				INFOPLIST_KEY_NSLocationAlwaysUsageDescription = "We use your location to provide you real-time feedback about where you are in the NYP campus. This feature allows you to easily navigate the NYP campus and reach your destination as fast as possible.";
				INFOPLIST_KEY_NSLocationWhenInUseUsageDescription = "We use your location to provide you real-time feedback about where you are in the NYP campus. This feature allows you to easily navigate the NYP campus and reach your destination as fast as possible.";
				INFOPLIST_KEY_UIApplicationSceneManifest_Generation = YES;
				INFOPLIST_KEY_UIApplicationSupportsIndirectInputEvents = YES;
				INFOPLIST_KEY_UILaunchScreen_Generation = YES;
				INFOPLIST_KEY_UISupportedInterfaceOrientations_iPad = "UIInterfaceOrientationPortrait UIInterfaceOrientationPortraitUpsideDown UIInterfaceOrientationLandscapeLeft UIInterfaceOrientationLandscapeRight";
				INFOPLIST_KEY_UISupportedInterfaceOrientations_iPhone = "UIInterfaceOrientationPortrait UIInterfaceOrientationLandscapeLeft UIInterfaceOrientationLandscapeRight";
				LD_RUNPATH_SEARCH_PATHS = (
					"$(inherited)",
					"@executable_path/Frameworks",
				);
				MARKETING_VERSION = 1.0;
				PRODUCT_BUNDLE_IDENTIFIER = com.prakhartrivedi.NYPNav;
				PRODUCT_NAME = "$(TARGET_NAME)";
				SWIFT_EMIT_LOC_STRINGS = YES;
				SWIFT_VERSION = 5.0;
				TARGETED_DEVICE_FAMILY = "1,2";
			};
			name = Release;
		};
		E25BCA9E29F57D770076090C /* Debug */ = {
			isa = XCBuildConfiguration;
			buildSettings = {
				ALWAYS_EMBED_SWIFT_STANDARD_LIBRARIES = YES;
				BUNDLE_LOADER = "$(TEST_HOST)";
				CODE_SIGN_STYLE = Automatic;
				CURRENT_PROJECT_VERSION = 1;
				DEVELOPMENT_TEAM = 49JL8262M2;
				GENERATE_INFOPLIST_FILE = YES;
				IPHONEOS_DEPLOYMENT_TARGET = 16.2;
				MARKETING_VERSION = 1.0;
				PRODUCT_BUNDLE_IDENTIFIER = com.prakhartrivedi.NYPNavTests;
				PRODUCT_NAME = "$(TARGET_NAME)";
				SWIFT_EMIT_LOC_STRINGS = NO;
				SWIFT_VERSION = 5.0;
				TARGETED_DEVICE_FAMILY = "1,2";
				TEST_HOST = "$(BUILT_PRODUCTS_DIR)/NYPNav.app/$(BUNDLE_EXECUTABLE_FOLDER_PATH)/NYPNav";
			};
			name = Debug;
		};
		E25BCA9F29F57D770076090C /* Release */ = {
			isa = XCBuildConfiguration;
			buildSettings = {
				ALWAYS_EMBED_SWIFT_STANDARD_LIBRARIES = YES;
				BUNDLE_LOADER = "$(TEST_HOST)";
				CODE_SIGN_STYLE = Automatic;
				CURRENT_PROJECT_VERSION = 1;
				DEVELOPMENT_TEAM = 49JL8262M2;
				GENERATE_INFOPLIST_FILE = YES;
				IPHONEOS_DEPLOYMENT_TARGET = 16.2;
				MARKETING_VERSION = 1.0;
				PRODUCT_BUNDLE_IDENTIFIER = com.prakhartrivedi.NYPNavTests;
				PRODUCT_NAME = "$(TARGET_NAME)";
				SWIFT_EMIT_LOC_STRINGS = NO;
				SWIFT_VERSION = 5.0;
				TARGETED_DEVICE_FAMILY = "1,2";
				TEST_HOST = "$(BUILT_PRODUCTS_DIR)/NYPNav.app/$(BUNDLE_EXECUTABLE_FOLDER_PATH)/NYPNav";
			};
			name = Release;
		};
		E25BCAA129F57D770076090C /* Debug */ = {
			isa = XCBuildConfiguration;
			buildSettings = {
				ALWAYS_EMBED_SWIFT_STANDARD_LIBRARIES = YES;
				CODE_SIGN_STYLE = Automatic;
				CURRENT_PROJECT_VERSION = 1;
				DEVELOPMENT_TEAM = 49JL8262M2;
				GENERATE_INFOPLIST_FILE = YES;
				MARKETING_VERSION = 1.0;
				PRODUCT_BUNDLE_IDENTIFIER = com.prakhartrivedi.NYPNavUITests;
				PRODUCT_NAME = "$(TARGET_NAME)";
				SWIFT_EMIT_LOC_STRINGS = NO;
				SWIFT_VERSION = 5.0;
				TARGETED_DEVICE_FAMILY = "1,2";
				TEST_TARGET_NAME = NYPNav;
			};
			name = Debug;
		};
		E25BCAA229F57D770076090C /* Release */ = {
			isa = XCBuildConfiguration;
			buildSettings = {
				ALWAYS_EMBED_SWIFT_STANDARD_LIBRARIES = YES;
				CODE_SIGN_STYLE = Automatic;
				CURRENT_PROJECT_VERSION = 1;
				DEVELOPMENT_TEAM = 49JL8262M2;
				GENERATE_INFOPLIST_FILE = YES;
				MARKETING_VERSION = 1.0;
				PRODUCT_BUNDLE_IDENTIFIER = com.prakhartrivedi.NYPNavUITests;
				PRODUCT_NAME = "$(TARGET_NAME)";
				SWIFT_EMIT_LOC_STRINGS = NO;
				SWIFT_VERSION = 5.0;
				TARGETED_DEVICE_FAMILY = "1,2";
				TEST_TARGET_NAME = NYPNav;
			};
			name = Release;
		};
/* End XCBuildConfiguration section */

/* Begin XCConfigurationList section */
		E25BCA7129F57D730076090C /* Build configuration list for PBXProject "NYPNav" */ = {
			isa = XCConfigurationList;
			buildConfigurations = (
				E25BCA9829F57D770076090C /* Debug */,
				E25BCA9929F57D770076090C /* Release */,
			);
			defaultConfigurationIsVisible = 0;
			defaultConfigurationName = Release;
		};
		E25BCA9A29F57D770076090C /* Build configuration list for PBXNativeTarget "NYPNav" */ = {
			isa = XCConfigurationList;
			buildConfigurations = (
				E25BCA9B29F57D770076090C /* Debug */,
				E25BCA9C29F57D770076090C /* Release */,
			);
			defaultConfigurationIsVisible = 0;
			defaultConfigurationName = Release;
		};
		E25BCA9D29F57D770076090C /* Build configuration list for PBXNativeTarget "NYPNavTests" */ = {
			isa = XCConfigurationList;
			buildConfigurations = (
				E25BCA9E29F57D770076090C /* Debug */,
				E25BCA9F29F57D770076090C /* Release */,
			);
			defaultConfigurationIsVisible = 0;
			defaultConfigurationName = Release;
		};
		E25BCAA029F57D770076090C /* Build configuration list for PBXNativeTarget "NYPNavUITests" */ = {
			isa = XCConfigurationList;
			buildConfigurations = (
				E25BCAA129F57D770076090C /* Debug */,
				E25BCAA229F57D770076090C /* Release */,
			);
			defaultConfigurationIsVisible = 0;
			defaultConfigurationName = Release;
		};
/* End XCConfigurationList section */
	};
	rootObject = E25BCA6E29F57D730076090C /* Project object */;
}
